// !$*UTF8*$!
{
	archiveVersion = 1;
	classes = {
	};
	objectVersion = 56;
	objects = {

/* Begin PBXBuildFile section */
		511D40FF2A1C9F0500953795 /* RegistrationTitleView.swift in Sources */ = {isa = PBXBuildFile; fileRef = 511D40FE2A1C9F0500953795 /* RegistrationTitleView.swift */; };
		511D41012A1CF00700953795 /* FieldsView.swift in Sources */ = {isa = PBXBuildFile; fileRef = 511D41002A1CF00700953795 /* FieldsView.swift */; };
		512A13C92A14AD7600B59D25 /* Coordinator.swift in Sources */ = {isa = PBXBuildFile; fileRef = 512A13C82A14AD7600B59D25 /* Coordinator.swift */; };
		512A13CC2A14ADF800B59D25 /* ApplicationCoordinator.swift in Sources */ = {isa = PBXBuildFile; fileRef = 512A13CB2A14ADF800B59D25 /* ApplicationCoordinator.swift */; };
		5157AB1B2A1F520A002BEC6A /* MainScreenViewModel.swift in Sources */ = {isa = PBXBuildFile; fileRef = 5157AB1A2A1F5209002BEC6A /* MainScreenViewModel.swift */; };
		5157AB202A1F5E80002BEC6A /* LessionsView.swift in Sources */ = {isa = PBXBuildFile; fileRef = 5157AB1F2A1F5E80002BEC6A /* LessionsView.swift */; };
		5157AB282A1F7348002BEC6A /* LessionViewModel.swift in Sources */ = {isa = PBXBuildFile; fileRef = 5157AB272A1F7348002BEC6A /* LessionViewModel.swift */; };
		5157AB2B2A1F73B3002BEC6A /* LessionTableViewCell.swift in Sources */ = {isa = PBXBuildFile; fileRef = 5157AB2A2A1F73B3002BEC6A /* LessionTableViewCell.swift */; };
		516581D02A188D7900DEF337 /* RegistrationCoordinator.swift in Sources */ = {isa = PBXBuildFile; fileRef = 516581CF2A188D7900DEF337 /* RegistrationCoordinator.swift */; };
		516581D42A188DBB00DEF337 /* RegistrationView.swift in Sources */ = {isa = PBXBuildFile; fileRef = 516581D32A188DBB00DEF337 /* RegistrationView.swift */; };
		51B3310A2A149D1E0071BD56 /* AppDelegate.swift in Sources */ = {isa = PBXBuildFile; fileRef = 51B331092A149D1E0071BD56 /* AppDelegate.swift */; };
		51B3310C2A149D1E0071BD56 /* SceneDelegate.swift in Sources */ = {isa = PBXBuildFile; fileRef = 51B3310B2A149D1E0071BD56 /* SceneDelegate.swift */; };
		51B3310E2A149D1E0071BD56 /* ViewController.swift in Sources */ = {isa = PBXBuildFile; fileRef = 51B3310D2A149D1E0071BD56 /* ViewController.swift */; };
		51B331142A149D1E0071BD56 /* LearningApp.xcdatamodeld in Sources */ = {isa = PBXBuildFile; fileRef = 51B331122A149D1E0071BD56 /* LearningApp.xcdatamodeld */; };
		51B331162A149D210071BD56 /* Assets.xcassets in Resources */ = {isa = PBXBuildFile; fileRef = 51B331152A149D210071BD56 /* Assets.xcassets */; };
		51DB53D42A1B33D6003F6A66 /* ContentViewCoordinator.swift in Sources */ = {isa = PBXBuildFile; fileRef = 51DB53D32A1B33D6003F6A66 /* ContentViewCoordinator.swift */; };
		51DB53D72A1B3727003F6A66 /* ContentViewController.swift in Sources */ = {isa = PBXBuildFile; fileRef = 51DB53D62A1B3727003F6A66 /* ContentViewController.swift */; };
		51DB53D92A1B4895003F6A66 /* CoreDataServise.swift in Sources */ = {isa = PBXBuildFile; fileRef = 51DB53D82A1B4895003F6A66 /* CoreDataServise.swift */; };
		51DB53DC2A1B48B6003F6A66 /* NetworkServise.swift in Sources */ = {isa = PBXBuildFile; fileRef = 51DB53DB2A1B48B6003F6A66 /* NetworkServise.swift */; };
		51DB53DF2A1B5417003F6A66 /* AccountViewCoordinator.swift in Sources */ = {isa = PBXBuildFile; fileRef = 51DB53DE2A1B5417003F6A66 /* AccountViewCoordinator.swift */; };
		51DB53E32A1B585B003F6A66 /* QuizViewCoordinator.swift in Sources */ = {isa = PBXBuildFile; fileRef = 51DB53E22A1B585B003F6A66 /* QuizViewCoordinator.swift */; };
		51DB53E52A1B58E0003F6A66 /* QuizViewController.swift in Sources */ = {isa = PBXBuildFile; fileRef = 51DB53E42A1B58E0003F6A66 /* QuizViewController.swift */; };
		51DB53E82A1B61BE003F6A66 /* RegistrationViewModel.swift in Sources */ = {isa = PBXBuildFile; fileRef = 51DB53E72A1B61BD003F6A66 /* RegistrationViewModel.swift */; };
		51F51E472A165F390067723D /* MainViewController.swift in Sources */ = {isa = PBXBuildFile; fileRef = 51F51E462A165F390067723D /* MainViewController.swift */; };
		51F51E4A2A1660140067723D /* AccountView.swift in Sources */ = {isa = PBXBuildFile; fileRef = 51F51E492A1660140067723D /* AccountView.swift */; };
		51F51E4E2A1661D60067723D /* MainViewCoordinator.swift in Sources */ = {isa = PBXBuildFile; fileRef = 51F51E4D2A1661D60067723D /* MainViewCoordinator.swift */; };
/* End PBXBuildFile section */

/* Begin PBXFileReference section */
		511D40FE2A1C9F0500953795 /* RegistrationTitleView.swift */ = {isa = PBXFileReference; lastKnownFileType = sourcecode.swift; path = RegistrationTitleView.swift; sourceTree = "<group>"; };
		511D41002A1CF00700953795 /* FieldsView.swift */ = {isa = PBXFileReference; lastKnownFileType = sourcecode.swift; path = FieldsView.swift; sourceTree = "<group>"; };
		512A13C82A14AD7600B59D25 /* Coordinator.swift */ = {isa = PBXFileReference; lastKnownFileType = sourcecode.swift; path = Coordinator.swift; sourceTree = "<group>"; };
		512A13CB2A14ADF800B59D25 /* ApplicationCoordinator.swift */ = {isa = PBXFileReference; lastKnownFileType = sourcecode.swift; path = ApplicationCoordinator.swift; sourceTree = "<group>"; };
		5157AB1A2A1F5209002BEC6A /* MainScreenViewModel.swift */ = {isa = PBXFileReference; lastKnownFileType = sourcecode.swift; path = MainScreenViewModel.swift; sourceTree = "<group>"; };
		5157AB1F2A1F5E80002BEC6A /* LessionsView.swift */ = {isa = PBXFileReference; lastKnownFileType = sourcecode.swift; path = LessionsView.swift; sourceTree = "<group>"; };
		5157AB272A1F7348002BEC6A /* LessionViewModel.swift */ = {isa = PBXFileReference; lastKnownFileType = sourcecode.swift; path = LessionViewModel.swift; sourceTree = "<group>"; };
		5157AB2A2A1F73B3002BEC6A /* LessionTableViewCell.swift */ = {isa = PBXFileReference; lastKnownFileType = sourcecode.swift; path = LessionTableViewCell.swift; sourceTree = "<group>"; };
		516581CF2A188D7900DEF337 /* RegistrationCoordinator.swift */ = {isa = PBXFileReference; lastKnownFileType = sourcecode.swift; path = RegistrationCoordinator.swift; sourceTree = "<group>"; };
		516581D32A188DBB00DEF337 /* RegistrationView.swift */ = {isa = PBXFileReference; lastKnownFileType = sourcecode.swift; path = RegistrationView.swift; sourceTree = "<group>"; };
		51B331062A149D1E0071BD56 /* LearningApp.app */ = {isa = PBXFileReference; explicitFileType = wrapper.application; includeInIndex = 0; path = LearningApp.app; sourceTree = BUILT_PRODUCTS_DIR; };
		51B331092A149D1E0071BD56 /* AppDelegate.swift */ = {isa = PBXFileReference; lastKnownFileType = sourcecode.swift; path = AppDelegate.swift; sourceTree = "<group>"; };
		51B3310B2A149D1E0071BD56 /* SceneDelegate.swift */ = {isa = PBXFileReference; lastKnownFileType = sourcecode.swift; path = SceneDelegate.swift; sourceTree = "<group>"; };
		51B3310D2A149D1E0071BD56 /* ViewController.swift */ = {isa = PBXFileReference; lastKnownFileType = sourcecode.swift; path = ViewController.swift; sourceTree = "<group>"; };
		51B331132A149D1E0071BD56 /* LearningApp.xcdatamodel */ = {isa = PBXFileReference; lastKnownFileType = wrapper.xcdatamodel; path = LearningApp.xcdatamodel; sourceTree = "<group>"; };
		51B331152A149D210071BD56 /* Assets.xcassets */ = {isa = PBXFileReference; lastKnownFileType = folder.assetcatalog; path = Assets.xcassets; sourceTree = "<group>"; };
		51B3311A2A149D210071BD56 /* Info.plist */ = {isa = PBXFileReference; lastKnownFileType = text.plist.xml; path = Info.plist; sourceTree = "<group>"; };
		51DB53D32A1B33D6003F6A66 /* ContentViewCoordinator.swift */ = {isa = PBXFileReference; lastKnownFileType = sourcecode.swift; path = ContentViewCoordinator.swift; sourceTree = "<group>"; };
		51DB53D62A1B3727003F6A66 /* ContentViewController.swift */ = {isa = PBXFileReference; lastKnownFileType = sourcecode.swift; path = ContentViewController.swift; sourceTree = "<group>"; };
		51DB53D82A1B4895003F6A66 /* CoreDataServise.swift */ = {isa = PBXFileReference; lastKnownFileType = sourcecode.swift; path = CoreDataServise.swift; sourceTree = "<group>"; };
		51DB53DB2A1B48B6003F6A66 /* NetworkServise.swift */ = {isa = PBXFileReference; lastKnownFileType = sourcecode.swift; path = NetworkServise.swift; sourceTree = "<group>"; };
		51DB53DE2A1B5417003F6A66 /* AccountViewCoordinator.swift */ = {isa = PBXFileReference; lastKnownFileType = sourcecode.swift; path = AccountViewCoordinator.swift; sourceTree = "<group>"; };
		51DB53E22A1B585B003F6A66 /* QuizViewCoordinator.swift */ = {isa = PBXFileReference; lastKnownFileType = sourcecode.swift; path = QuizViewCoordinator.swift; sourceTree = "<group>"; };
		51DB53E42A1B58E0003F6A66 /* QuizViewController.swift */ = {isa = PBXFileReference; lastKnownFileType = sourcecode.swift; path = QuizViewController.swift; sourceTree = "<group>"; };
		51DB53E72A1B61BD003F6A66 /* RegistrationViewModel.swift */ = {isa = PBXFileReference; lastKnownFileType = sourcecode.swift; path = RegistrationViewModel.swift; sourceTree = "<group>"; };
		51F51E462A165F390067723D /* MainViewController.swift */ = {isa = PBXFileReference; lastKnownFileType = sourcecode.swift; path = MainViewController.swift; sourceTree = "<group>"; };
		51F51E492A1660140067723D /* AccountView.swift */ = {isa = PBXFileReference; lastKnownFileType = sourcecode.swift; path = AccountView.swift; sourceTree = "<group>"; };
		51F51E4D2A1661D60067723D /* MainViewCoordinator.swift */ = {isa = PBXFileReference; lastKnownFileType = sourcecode.swift; path = MainViewCoordinator.swift; sourceTree = "<group>"; };
/* End PBXFileReference section */

/* Begin PBXFrameworksBuildPhase section */
		51B331032A149D1E0071BD56 /* Frameworks */ = {
			isa = PBXFrameworksBuildPhase;
			buildActionMask = 2147483647;
			files = (
			);
			runOnlyForDeploymentPostprocessing = 0;
		};
/* End PBXFrameworksBuildPhase section */

/* Begin PBXGroup section */
		511D40FD2A1C9EE100953795 /* Subviews */ = {
			isa = PBXGroup;
			children = (
				511D40FE2A1C9F0500953795 /* RegistrationTitleView.swift */,
				511D41002A1CF00700953795 /* FieldsView.swift */,
			);
			path = Subviews;
			sourceTree = "<group>";
		};
		512836FB2A17B7B300C507A7 /* Scence */ = {
			isa = PBXGroup;
			children = (
				512836FE2A17B87200C507A7 /* Registration */,
				51F51E442A165F090067723D /* Main */,
				5157AB1D2A1F5E4C002BEC6A /* LissionsView */,
				512836FD2A17B86100C507A7 /* Content */,
				51F51E482A165F3F0067723D /* Account */,
				512837002A17BDBA00C507A7 /* Quiz */,
			);
			path = Scence;
			sourceTree = "<group>";
		};
		512836FC2A17B7D200C507A7 /* Servises */ = {
			isa = PBXGroup;
			children = (
				51DB53D82A1B4895003F6A66 /* CoreDataServise.swift */,
				51DB53DB2A1B48B6003F6A66 /* NetworkServise.swift */,
			);
			path = Servises;
			sourceTree = "<group>";
		};
		512836FD2A17B86100C507A7 /* Content */ = {
			isa = PBXGroup;
			children = (
				51DB53D22A1B33C0003F6A66 /* Coordinator */,
				51DB53D12A1B33BA003F6A66 /* View */,
			);
			path = Content;
			sourceTree = "<group>";
		};
		512836FE2A17B87200C507A7 /* Registration */ = {
			isa = PBXGroup;
			children = (
				51DB53E62A1B6191003F6A66 /* ViewModel */,
				516581D22A188DA100DEF337 /* Coordinator */,
				516581D12A188D9900DEF337 /* View */,
			);
			path = Registration;
			sourceTree = "<group>";
		};
		512836FF2A17BCC100C507A7 /* Model */ = {
			isa = PBXGroup;
			children = (
				51B331122A149D1E0071BD56 /* LearningApp.xcdatamodeld */,
			);
			path = Model;
			sourceTree = "<group>";
		};
		512837002A17BDBA00C507A7 /* Quiz */ = {
			isa = PBXGroup;
			children = (
				51DB53E12A1B57DC003F6A66 /* View */,
				51DB53E02A1B57CB003F6A66 /* Coordinator */,
			);
			path = Quiz;
			sourceTree = "<group>";
		};
		512A13C62A14A78600B59D25 /* Support files */ = {
			isa = PBXGroup;
			children = (
				51B331152A149D210071BD56 /* Assets.xcassets */,
				51B3310B2A149D1E0071BD56 /* SceneDelegate.swift */,
				51B331092A149D1E0071BD56 /* AppDelegate.swift */,
			);
			path = "Support files";
			sourceTree = "<group>";
		};
		512A13C72A14AD5A00B59D25 /* Protocols */ = {
			isa = PBXGroup;
			children = (
				512A13C82A14AD7600B59D25 /* Coordinator.swift */,
			);
			path = Protocols;
			sourceTree = "<group>";
		};
		512A13CA2A14ADD800B59D25 /* Coordinator */ = {
			isa = PBXGroup;
			children = (
				512A13CB2A14ADF800B59D25 /* ApplicationCoordinator.swift */,
			);
			path = Coordinator;
			sourceTree = "<group>";
		};
		5157AB192A1F51E4002BEC6A /* ViewModel */ = {
			isa = PBXGroup;
			children = (
				5157AB1A2A1F5209002BEC6A /* MainScreenViewModel.swift */,
			);
			path = ViewModel;
			sourceTree = "<group>";
		};
		5157AB1D2A1F5E4C002BEC6A /* LissionsView */ = {
			isa = PBXGroup;
			children = (
				5157AB262A1F732C002BEC6A /* ViewModel */,
				5157AB1E2A1F5E62002BEC6A /* Vies */,
			);
			path = LissionsView;
			sourceTree = "<group>";
		};
		5157AB1E2A1F5E62002BEC6A /* Vies */ = {
			isa = PBXGroup;
			children = (
				5157AB1F2A1F5E80002BEC6A /* LessionsView.swift */,
				5157AB292A1F7382002BEC6A /* Cells */,
			);
			path = Vies;
			sourceTree = "<group>";
		};
		5157AB262A1F732C002BEC6A /* ViewModel */ = {
			isa = PBXGroup;
			children = (
				5157AB272A1F7348002BEC6A /* LessionViewModel.swift */,
			);
			path = ViewModel;
			sourceTree = "<group>";
		};
		5157AB292A1F7382002BEC6A /* Cells */ = {
			isa = PBXGroup;
			children = (
				5157AB2A2A1F73B3002BEC6A /* LessionTableViewCell.swift */,
			);
			path = Cells;
			sourceTree = "<group>";
		};
		516581D12A188D9900DEF337 /* View */ = {
			isa = PBXGroup;
			children = (
				516581D32A188DBB00DEF337 /* RegistrationView.swift */,
				511D40FD2A1C9EE100953795 /* Subviews */,
			);
			path = View;
			sourceTree = "<group>";
		};
		516581D22A188DA100DEF337 /* Coordinator */ = {
			isa = PBXGroup;
			children = (
				516581CF2A188D7900DEF337 /* RegistrationCoordinator.swift */,
			);
			path = Coordinator;
			sourceTree = "<group>";
		};
		51B330FD2A149D1E0071BD56 = {
			isa = PBXGroup;
			children = (
				51B331082A149D1E0071BD56 /* LearningApp */,
				51B331072A149D1E0071BD56 /* Products */,
			);
			sourceTree = "<group>";
		};
		51B331072A149D1E0071BD56 /* Products */ = {
			isa = PBXGroup;
			children = (
				51B331062A149D1E0071BD56 /* LearningApp.app */,
			);
			name = Products;
			sourceTree = "<group>";
		};
		51B331082A149D1E0071BD56 /* LearningApp */ = {
			isa = PBXGroup;
			children = (
				512836FF2A17BCC100C507A7 /* Model */,
				512836FC2A17B7D200C507A7 /* Servises */,
				512836FB2A17B7B300C507A7 /* Scence */,
				512A13CA2A14ADD800B59D25 /* Coordinator */,
				512A13C72A14AD5A00B59D25 /* Protocols */,
				512A13C62A14A78600B59D25 /* Support files */,
				51B3310D2A149D1E0071BD56 /* ViewController.swift */,
				51B3311A2A149D210071BD56 /* Info.plist */,
			);
			path = LearningApp;
			sourceTree = "<group>";
		};
		51DB53D12A1B33BA003F6A66 /* View */ = {
			isa = PBXGroup;
			children = (
				51DB53D62A1B3727003F6A66 /* ContentViewController.swift */,
			);
			path = View;
			sourceTree = "<group>";
		};
		51DB53D22A1B33C0003F6A66 /* Coordinator */ = {
			isa = PBXGroup;
			children = (
				51DB53D32A1B33D6003F6A66 /* ContentViewCoordinator.swift */,
			);
			path = Coordinator;
			sourceTree = "<group>";
		};
		51DB53DD2A1B53F9003F6A66 /* Coordinator */ = {
			isa = PBXGroup;
			children = (
				51DB53DE2A1B5417003F6A66 /* AccountViewCoordinator.swift */,
			);
			path = Coordinator;
			sourceTree = "<group>";
		};
		51DB53E02A1B57CB003F6A66 /* Coordinator */ = {
			isa = PBXGroup;
			children = (
				51DB53E22A1B585B003F6A66 /* QuizViewCoordinator.swift */,
			);
			path = Coordinator;
			sourceTree = "<group>";
		};
		51DB53E12A1B57DC003F6A66 /* View */ = {
			isa = PBXGroup;
			children = (
				51DB53E42A1B58E0003F6A66 /* QuizViewController.swift */,
			);
			path = View;
			sourceTree = "<group>";
		};
		51DB53E62A1B6191003F6A66 /* ViewModel */ = {
			isa = PBXGroup;
			children = (
				51DB53E72A1B61BD003F6A66 /* RegistrationViewModel.swift */,
			);
			path = ViewModel;
			sourceTree = "<group>";
		};
		51F51E442A165F090067723D /* Main */ = {
			isa = PBXGroup;
			children = (
				5157AB192A1F51E4002BEC6A /* ViewModel */,
				51F51E4C2A1660B90067723D /* Coordinator */,
				51F51E452A165F1A0067723D /* View */,
			);
			path = Main;
			sourceTree = "<group>";
		};
		51F51E452A165F1A0067723D /* View */ = {
			isa = PBXGroup;
			children = (
				51F51E462A165F390067723D /* MainViewController.swift */,
			);
			path = View;
			sourceTree = "<group>";
		};
		51F51E482A165F3F0067723D /* Account */ = {
			isa = PBXGroup;
			children = (
				51DB53DD2A1B53F9003F6A66 /* Coordinator */,
				51F51E4B2A16601A0067723D /* View */,
				51F51E492A1660140067723D /* AccountView.swift */,
			);
			path = Account;
			sourceTree = "<group>";
		};
		51F51E4B2A16601A0067723D /* View */ = {
			isa = PBXGroup;
			children = (
			);
			path = View;
			sourceTree = "<group>";
		};
		51F51E4C2A1660B90067723D /* Coordinator */ = {
			isa = PBXGroup;
			children = (
				51F51E4D2A1661D60067723D /* MainViewCoordinator.swift */,
			);
			path = Coordinator;
			sourceTree = "<group>";
		};
/* End PBXGroup section */

/* Begin PBXNativeTarget section */
		51B331052A149D1E0071BD56 /* LearningApp */ = {
			isa = PBXNativeTarget;
			buildConfigurationList = 51B3311D2A149D210071BD56 /* Build configuration list for PBXNativeTarget "LearningApp" */;
			buildPhases = (
				51B331022A149D1E0071BD56 /* Sources */,
				51B331032A149D1E0071BD56 /* Frameworks */,
				51B331042A149D1E0071BD56 /* Resources */,
			);
			buildRules = (
			);
			dependencies = (
			);
			name = LearningApp;
			productName = LearningApp;
			productReference = 51B331062A149D1E0071BD56 /* LearningApp.app */;
			productType = "com.apple.product-type.application";
		};
/* End PBXNativeTarget section */

/* Begin PBXProject section */
		51B330FE2A149D1E0071BD56 /* Project object */ = {
			isa = PBXProject;
			attributes = {
				BuildIndependentTargetsInParallel = 1;
				LastSwiftUpdateCheck = 1420;
				LastUpgradeCheck = 1420;
				TargetAttributes = {
					51B331052A149D1E0071BD56 = {
						CreatedOnToolsVersion = 14.2;
					};
				};
			};
			buildConfigurationList = 51B331012A149D1E0071BD56 /* Build configuration list for PBXProject "LearningApp" */;
			compatibilityVersion = "Xcode 14.0";
			developmentRegion = en;
			hasScannedForEncodings = 0;
			knownRegions = (
				en,
				Base,
			);
			mainGroup = 51B330FD2A149D1E0071BD56;
			productRefGroup = 51B331072A149D1E0071BD56 /* Products */;
			projectDirPath = "";
			projectRoot = "";
			targets = (
				51B331052A149D1E0071BD56 /* LearningApp */,
			);
		};
/* End PBXProject section */

/* Begin PBXResourcesBuildPhase section */
		51B331042A149D1E0071BD56 /* Resources */ = {
			isa = PBXResourcesBuildPhase;
			buildActionMask = 2147483647;
			files = (
				51B331162A149D210071BD56 /* Assets.xcassets in Resources */,
			);
			runOnlyForDeploymentPostprocessing = 0;
		};
/* End PBXResourcesBuildPhase section */

/* Begin PBXSourcesBuildPhase section */
		51B331022A149D1E0071BD56 /* Sources */ = {
			isa = PBXSourcesBuildPhase;
			buildActionMask = 2147483647;
			files = (
				516581D42A188DBB00DEF337 /* RegistrationView.swift in Sources */,
				5157AB1B2A1F520A002BEC6A /* MainScreenViewModel.swift in Sources */,
				51B3310E2A149D1E0071BD56 /* ViewController.swift in Sources */,
				51F51E472A165F390067723D /* MainViewController.swift in Sources */,
				511D41012A1CF00700953795 /* FieldsView.swift in Sources */,
				51DB53E82A1B61BE003F6A66 /* RegistrationViewModel.swift in Sources */,
				51DB53DF2A1B5417003F6A66 /* AccountViewCoordinator.swift in Sources */,
				51DB53DC2A1B48B6003F6A66 /* NetworkServise.swift in Sources */,
				51DB53D72A1B3727003F6A66 /* ContentViewController.swift in Sources */,
				51B331142A149D1E0071BD56 /* LearningApp.xcdatamodeld in Sources */,
				51DB53D42A1B33D6003F6A66 /* ContentViewCoordinator.swift in Sources */,
				516581D02A188D7900DEF337 /* RegistrationCoordinator.swift in Sources */,
				512A13C92A14AD7600B59D25 /* Coordinator.swift in Sources */,
				51F51E4E2A1661D60067723D /* MainViewCoordinator.swift in Sources */,
				51F51E4A2A1660140067723D /* AccountView.swift in Sources */,
				51B3310A2A149D1E0071BD56 /* AppDelegate.swift in Sources */,
				51DB53E32A1B585B003F6A66 /* QuizViewCoordinator.swift in Sources */,
				5157AB2B2A1F73B3002BEC6A /* LessionTableViewCell.swift in Sources */,
				51B3310C2A149D1E0071BD56 /* SceneDelegate.swift in Sources */,
				5157AB282A1F7348002BEC6A /* LessionViewModel.swift in Sources */,
				51DB53E52A1B58E0003F6A66 /* QuizViewController.swift in Sources */,
				5157AB202A1F5E80002BEC6A /* LessionsView.swift in Sources */,
				51DB53D92A1B4895003F6A66 /* CoreDataServise.swift in Sources */,
				511D40FF2A1C9F0500953795 /* RegistrationTitleView.swift in Sources */,
				512A13CC2A14ADF800B59D25 /* ApplicationCoordinator.swift in Sources */,
			);
			runOnlyForDeploymentPostprocessing = 0;
		};
/* End PBXSourcesBuildPhase section */

/* Begin XCBuildConfiguration section */
		51B3311B2A149D210071BD56 /* Debug */ = {
			isa = XCBuildConfiguration;
			buildSettings = {
				ALWAYS_SEARCH_USER_PATHS = NO;
				CLANG_ANALYZER_NONNULL = YES;
				CLANG_ANALYZER_NUMBER_OBJECT_CONVERSION = YES_AGGRESSIVE;
				CLANG_CXX_LANGUAGE_STANDARD = "gnu++20";
				CLANG_ENABLE_MODULES = YES;
				CLANG_ENABLE_OBJC_ARC = YES;
				CLANG_ENABLE_OBJC_WEAK = YES;
				CLANG_WARN_BLOCK_CAPTURE_AUTORELEASING = YES;
				CLANG_WARN_BOOL_CONVERSION = YES;
				CLANG_WARN_COMMA = YES;
				CLANG_WARN_CONSTANT_CONVERSION = YES;
				CLANG_WARN_DEPRECATED_OBJC_IMPLEMENTATIONS = YES;
				CLANG_WARN_DIRECT_OBJC_ISA_USAGE = YES_ERROR;
				CLANG_WARN_DOCUMENTATION_COMMENTS = YES;
				CLANG_WARN_EMPTY_BODY = YES;
				CLANG_WARN_ENUM_CONVERSION = YES;
				CLANG_WARN_INFINITE_RECURSION = YES;
				CLANG_WARN_INT_CONVERSION = YES;
				CLANG_WARN_NON_LITERAL_NULL_CONVERSION = YES;
				CLANG_WARN_OBJC_IMPLICIT_RETAIN_SELF = YES;
				CLANG_WARN_OBJC_LITERAL_CONVERSION = YES;
				CLANG_WARN_OBJC_ROOT_CLASS = YES_ERROR;
				CLANG_WARN_QUOTED_INCLUDE_IN_FRAMEWORK_HEADER = YES;
				CLANG_WARN_RANGE_LOOP_ANALYSIS = YES;
				CLANG_WARN_STRICT_PROTOTYPES = YES;
				CLANG_WARN_SUSPICIOUS_MOVE = YES;
				CLANG_WARN_UNGUARDED_AVAILABILITY = YES_AGGRESSIVE;
				CLANG_WARN_UNREACHABLE_CODE = YES;
				CLANG_WARN__DUPLICATE_METHOD_MATCH = YES;
				COPY_PHASE_STRIP = NO;
				DEBUG_INFORMATION_FORMAT = dwarf;
				ENABLE_STRICT_OBJC_MSGSEND = YES;
				ENABLE_TESTABILITY = YES;
				GCC_C_LANGUAGE_STANDARD = gnu11;
				GCC_DYNAMIC_NO_PIC = NO;
				GCC_NO_COMMON_BLOCKS = YES;
				GCC_OPTIMIZATION_LEVEL = 0;
				GCC_PREPROCESSOR_DEFINITIONS = (
					"DEBUG=1",
					"$(inherited)",
				);
				GCC_WARN_64_TO_32_BIT_CONVERSION = YES;
				GCC_WARN_ABOUT_RETURN_TYPE = YES_ERROR;
				GCC_WARN_UNDECLARED_SELECTOR = YES;
				GCC_WARN_UNINITIALIZED_AUTOS = YES_AGGRESSIVE;
				GCC_WARN_UNUSED_FUNCTION = YES;
				GCC_WARN_UNUSED_VARIABLE = YES;
				IPHONEOS_DEPLOYMENT_TARGET = 16.2;
				MTL_ENABLE_DEBUG_INFO = INCLUDE_SOURCE;
				MTL_FAST_MATH = YES;
				ONLY_ACTIVE_ARCH = YES;
				SDKROOT = iphoneos;
				SWIFT_ACTIVE_COMPILATION_CONDITIONS = DEBUG;
				SWIFT_OPTIMIZATION_LEVEL = "-Onone";
			};
			name = Debug;
		};
		51B3311C2A149D210071BD56 /* Release */ = {
			isa = XCBuildConfiguration;
			buildSettings = {
				ALWAYS_SEARCH_USER_PATHS = NO;
				CLANG_ANALYZER_NONNULL = YES;
				CLANG_ANALYZER_NUMBER_OBJECT_CONVERSION = YES_AGGRESSIVE;
				CLANG_CXX_LANGUAGE_STANDARD = "gnu++20";
				CLANG_ENABLE_MODULES = YES;
				CLANG_ENABLE_OBJC_ARC = YES;
				CLANG_ENABLE_OBJC_WEAK = YES;
				CLANG_WARN_BLOCK_CAPTURE_AUTORELEASING = YES;
				CLANG_WARN_BOOL_CONVERSION = YES;
				CLANG_WARN_COMMA = YES;
				CLANG_WARN_CONSTANT_CONVERSION = YES;
				CLANG_WARN_DEPRECATED_OBJC_IMPLEMENTATIONS = YES;
				CLANG_WARN_DIRECT_OBJC_ISA_USAGE = YES_ERROR;
				CLANG_WARN_DOCUMENTATION_COMMENTS = YES;
				CLANG_WARN_EMPTY_BODY = YES;
				CLANG_WARN_ENUM_CONVERSION = YES;
				CLANG_WARN_INFINITE_RECURSION = YES;
				CLANG_WARN_INT_CONVERSION = YES;
				CLANG_WARN_NON_LITERAL_NULL_CONVERSION = YES;
				CLANG_WARN_OBJC_IMPLICIT_RETAIN_SELF = YES;
				CLANG_WARN_OBJC_LITERAL_CONVERSION = YES;
				CLANG_WARN_OBJC_ROOT_CLASS = YES_ERROR;
				CLANG_WARN_QUOTED_INCLUDE_IN_FRAMEWORK_HEADER = YES;
				CLANG_WARN_RANGE_LOOP_ANALYSIS = YES;
				CLANG_WARN_STRICT_PROTOTYPES = YES;
				CLANG_WARN_SUSPICIOUS_MOVE = YES;
				CLANG_WARN_UNGUARDED_AVAILABILITY = YES_AGGRESSIVE;
				CLANG_WARN_UNREACHABLE_CODE = YES;
				CLANG_WARN__DUPLICATE_METHOD_MATCH = YES;
				COPY_PHASE_STRIP = NO;
				DEBUG_INFORMATION_FORMAT = "dwarf-with-dsym";
				ENABLE_NS_ASSERTIONS = NO;
				ENABLE_STRICT_OBJC_MSGSEND = YES;
				GCC_C_LANGUAGE_STANDARD = gnu11;
				GCC_NO_COMMON_BLOCKS = YES;
				GCC_WARN_64_TO_32_BIT_CONVERSION = YES;
				GCC_WARN_ABOUT_RETURN_TYPE = YES_ERROR;
				GCC_WARN_UNDECLARED_SELECTOR = YES;
				GCC_WARN_UNINITIALIZED_AUTOS = YES_AGGRESSIVE;
				GCC_WARN_UNUSED_FUNCTION = YES;
				GCC_WARN_UNUSED_VARIABLE = YES;
				IPHONEOS_DEPLOYMENT_TARGET = 16.2;
				MTL_ENABLE_DEBUG_INFO = NO;
				MTL_FAST_MATH = YES;
				SDKROOT = iphoneos;
				SWIFT_COMPILATION_MODE = wholemodule;
				SWIFT_OPTIMIZATION_LEVEL = "-O";
				VALIDATE_PRODUCT = YES;
			};
			name = Release;
		};
		51B3311E2A149D210071BD56 /* Debug */ = {
			isa = XCBuildConfiguration;
			buildSettings = {
				ASSETCATALOG_COMPILER_APPICON_NAME = AppIcon;
				ASSETCATALOG_COMPILER_GLOBAL_ACCENT_COLOR_NAME = AccentColor;
				CODE_SIGN_STYLE = Automatic;
				CURRENT_PROJECT_VERSION = 1;
				DEVELOPMENT_TEAM = TL2V4D22UR;
				GENERATE_INFOPLIST_FILE = YES;
				INFOPLIST_FILE = LearningApp/Info.plist;
				INFOPLIST_KEY_UIApplicationSupportsIndirectInputEvents = YES;
				INFOPLIST_KEY_UILaunchStoryboardName = "";
				INFOPLIST_KEY_UISupportedInterfaceOrientations_iPad = "UIInterfaceOrientationPortrait UIInterfaceOrientationPortraitUpsideDown UIInterfaceOrientationLandscapeLeft UIInterfaceOrientationLandscapeRight";
				INFOPLIST_KEY_UISupportedInterfaceOrientations_iPhone = "UIInterfaceOrientationPortrait UIInterfaceOrientationLandscapeLeft UIInterfaceOrientationLandscapeRight";
				LD_RUNPATH_SEARCH_PATHS = (
					"$(inherited)",
					"@executable_path/Frameworks",
				);
				MARKETING_VERSION = 1.0;
				PRODUCT_BUNDLE_IDENTIFIER = "Fedosova-Viktorya.LearningApp";
				PRODUCT_NAME = "$(TARGET_NAME)";
				SWIFT_EMIT_LOC_STRINGS = YES;
				SWIFT_VERSION = 5.0;
				TARGETED_DEVICE_FAMILY = "1,2";
			};
			name = Debug;
		};
		51B3311F2A149D210071BD56 /* Release */ = {
			isa = XCBuildConfiguration;
			buildSettings = {
				ASSETCATALOG_COMPILER_APPICON_NAME = AppIcon;
				ASSETCATALOG_COMPILER_GLOBAL_ACCENT_COLOR_NAME = AccentColor;
				CODE_SIGN_STYLE = Automatic;
				CURRENT_PROJECT_VERSION = 1;
				DEVELOPMENT_TEAM = TL2V4D22UR;
				GENERATE_INFOPLIST_FILE = YES;
				INFOPLIST_FILE = LearningApp/Info.plist;
				INFOPLIST_KEY_UIApplicationSupportsIndirectInputEvents = YES;
				INFOPLIST_KEY_UILaunchStoryboardName = "";
				INFOPLIST_KEY_UISupportedInterfaceOrientations_iPad = "UIInterfaceOrientationPortrait UIInterfaceOrientationPortraitUpsideDown UIInterfaceOrientationLandscapeLeft UIInterfaceOrientationLandscapeRight";
				INFOPLIST_KEY_UISupportedInterfaceOrientations_iPhone = "UIInterfaceOrientationPortrait UIInterfaceOrientationLandscapeLeft UIInterfaceOrientationLandscapeRight";
				LD_RUNPATH_SEARCH_PATHS = (
					"$(inherited)",
					"@executable_path/Frameworks",
				);
				MARKETING_VERSION = 1.0;
				PRODUCT_BUNDLE_IDENTIFIER = "Fedosova-Viktorya.LearningApp";
				PRODUCT_NAME = "$(TARGET_NAME)";
				SWIFT_EMIT_LOC_STRINGS = YES;
				SWIFT_VERSION = 5.0;
				TARGETED_DEVICE_FAMILY = "1,2";
			};
			name = Release;
		};
/* End XCBuildConfiguration section */

/* Begin XCConfigurationList section */
		51B331012A149D1E0071BD56 /* Build configuration list for PBXProject "LearningApp" */ = {
			isa = XCConfigurationList;
			buildConfigurations = (
				51B3311B2A149D210071BD56 /* Debug */,
				51B3311C2A149D210071BD56 /* Release */,
			);
			defaultConfigurationIsVisible = 0;
			defaultConfigurationName = Release;
		};
		51B3311D2A149D210071BD56 /* Build configuration list for PBXNativeTarget "LearningApp" */ = {
			isa = XCConfigurationList;
			buildConfigurations = (
				51B3311E2A149D210071BD56 /* Debug */,
				51B3311F2A149D210071BD56 /* Release */,
			);
			defaultConfigurationIsVisible = 0;
			defaultConfigurationName = Release;
		};
/* End XCConfigurationList section */

/* Begin XCVersionGroup section */
		51B331122A149D1E0071BD56 /* LearningApp.xcdatamodeld */ = {
			isa = XCVersionGroup;
			children = (
				51B331132A149D1E0071BD56 /* LearningApp.xcdatamodel */,
			);
			currentVersion = 51B331132A149D1E0071BD56 /* LearningApp.xcdatamodel */;
			path = LearningApp.xcdatamodeld;
			sourceTree = "<group>";
			versionGroupType = wrapper.xcdatamodel;
		};
/* End XCVersionGroup section */
	};
	rootObject = 51B330FE2A149D1E0071BD56 /* Project object */;
}
